// !$*UTF8*$!
{
	archiveVersion = 1;
	classes = {
	};
	objectVersion = 52;
	objects = {

/* Begin PBXBuildFile section */
		2F12F3B326BD68E300F92152 /* SearchEndpoint.swift in Sources */ = {isa = PBXBuildFile; fileRef = 2F12F3B226BD68E300F92152 /* SearchEndpoint.swift */; };
		2F12F3B626BD6F4700F92152 /* AutoSuggestRequest.swift in Sources */ = {isa = PBXBuildFile; fileRef = 2F12F3B526BD6F4700F92152 /* AutoSuggestRequest.swift */; };
		2F12F3B926BD6F9D00F92152 /* AutoSuggestResponse.swift in Sources */ = {isa = PBXBuildFile; fileRef = 2F12F3B826BD6F9D00F92152 /* AutoSuggestResponse.swift */; };
		2F12F3BD26BD707400F92152 /* SearchRequest.swift in Sources */ = {isa = PBXBuildFile; fileRef = 2F12F3BC26BD707400F92152 /* SearchRequest.swift */; };
		2F12F3BF26BD709700F92152 /* SearchResponse.swift in Sources */ = {isa = PBXBuildFile; fileRef = 2F12F3BE26BD709700F92152 /* SearchResponse.swift */; };
		2F12F3C126BD70C700F92152 /* SearchResponsePaging.swift in Sources */ = {isa = PBXBuildFile; fileRef = 2F12F3C026BD70C700F92152 /* SearchResponsePaging.swift */; };
		2F12F3C326BD70EB00F92152 /* SearchResponseResult.swift in Sources */ = {isa = PBXBuildFile; fileRef = 2F12F3C226BD70EB00F92152 /* SearchResponseResult.swift */; };
		2F12F3C526BD930800F92152 /* ViewModellable.swift in Sources */ = {isa = PBXBuildFile; fileRef = 2F12F3C426BD930800F92152 /* ViewModellable.swift */; };
		2F12F3C726BD933400F92152 /* SearchMainViewModel.swift in Sources */ = {isa = PBXBuildFile; fileRef = 2F12F3C626BD933400F92152 /* SearchMainViewModel.swift */; };
		2F12F3CF26BDBC9300F92152 /* SuggestionTableViewCell.swift in Sources */ = {isa = PBXBuildFile; fileRef = 2F12F3CE26BDBC9300F92152 /* SuggestionTableViewCell.swift */; };
		2F12F3D226BDD48500F92152 /* SearchResultDisplayModel.swift in Sources */ = {isa = PBXBuildFile; fileRef = 2F12F3D126BDD48500F92152 /* SearchResultDisplayModel.swift */; };
		2F12F3D526BDDBFA00F92152 /* SearchResultTableViewCell.swift in Sources */ = {isa = PBXBuildFile; fileRef = 2F12F3D426BDDBFA00F92152 /* SearchResultTableViewCell.swift */; };
		2F12F3D826BDDCC400F92152 /* SDWebImage in Frameworks */ = {isa = PBXBuildFile; productRef = 2F12F3D726BDDCC400F92152 /* SDWebImage */; };
		2F50B12826BCBD64004709E3 /* AppDelegate.swift in Sources */ = {isa = PBXBuildFile; fileRef = 2F50B12726BCBD64004709E3 /* AppDelegate.swift */; };
		2F50B12A26BCBD64004709E3 /* SceneDelegate.swift in Sources */ = {isa = PBXBuildFile; fileRef = 2F50B12926BCBD64004709E3 /* SceneDelegate.swift */; };
		2F50B13126BCBD66004709E3 /* Assets.xcassets in Resources */ = {isa = PBXBuildFile; fileRef = 2F50B13026BCBD66004709E3 /* Assets.xcassets */; };
		2F50B13426BCBD66004709E3 /* LaunchScreen.storyboard in Resources */ = {isa = PBXBuildFile; fileRef = 2F50B13226BCBD66004709E3 /* LaunchScreen.storyboard */; };
		2F50B13F26BCBD66004709E3 /* MeliChallengeTests.swift in Sources */ = {isa = PBXBuildFile; fileRef = 2F50B13E26BCBD66004709E3 /* MeliChallengeTests.swift */; };
		2F50B15A26BCC09B004709E3 /* TitanHttp in Frameworks */ = {isa = PBXBuildFile; productRef = 2F50B15926BCC09B004709E3 /* TitanHttp */; };
		2F50B15D26BCC0DE004709E3 /* Quick in Frameworks */ = {isa = PBXBuildFile; productRef = 2F50B15C26BCC0DE004709E3 /* Quick */; };
		2F50B16026BCC10E004709E3 /* Nimble in Frameworks */ = {isa = PBXBuildFile; productRef = 2F50B15F26BCC10E004709E3 /* Nimble */; };
		2F50B16526BCC2EA004709E3 /* ServiceManager.swift in Sources */ = {isa = PBXBuildFile; fileRef = 2F50B16426BCC2EA004709E3 /* ServiceManager.swift */; };
		2F50B16926BCC58D004709E3 /* ItemManager.swift in Sources */ = {isa = PBXBuildFile; fileRef = 2F50B16826BCC58D004709E3 /* ItemManager.swift */; };
		2F50B16C26BCC6A6004709E3 /* AutoSuggestEndpoint.swift in Sources */ = {isa = PBXBuildFile; fileRef = 2F50B16B26BCC6A6004709E3 /* AutoSuggestEndpoint.swift */; };
		2F50B17026BCCBF8004709E3 /* SearchMainViewController.swift in Sources */ = {isa = PBXBuildFile; fileRef = 2F50B16F26BCCBF8004709E3 /* SearchMainViewController.swift */; };
		2FADDB4E26BF1AF900EFE9A3 /* TableFooterView.swift in Sources */ = {isa = PBXBuildFile; fileRef = 2FADDB4D26BF1AF900EFE9A3 /* TableFooterView.swift */; };
/* End PBXBuildFile section */

/* Begin PBXContainerItemProxy section */
		2F50B13B26BCBD66004709E3 /* PBXContainerItemProxy */ = {
			isa = PBXContainerItemProxy;
			containerPortal = 2F50B11C26BCBD64004709E3 /* Project object */;
			proxyType = 1;
			remoteGlobalIDString = 2F50B12326BCBD64004709E3;
			remoteInfo = MeliChallenge;
		};
/* End PBXContainerItemProxy section */

/* Begin PBXFileReference section */
		2F12F3B226BD68E300F92152 /* SearchEndpoint.swift */ = {isa = PBXFileReference; lastKnownFileType = sourcecode.swift; path = SearchEndpoint.swift; sourceTree = "<group>"; };
		2F12F3B526BD6F4700F92152 /* AutoSuggestRequest.swift */ = {isa = PBXFileReference; lastKnownFileType = sourcecode.swift; path = AutoSuggestRequest.swift; sourceTree = "<group>"; };
		2F12F3B826BD6F9D00F92152 /* AutoSuggestResponse.swift */ = {isa = PBXFileReference; lastKnownFileType = sourcecode.swift; path = AutoSuggestResponse.swift; sourceTree = "<group>"; };
		2F12F3BC26BD707400F92152 /* SearchRequest.swift */ = {isa = PBXFileReference; lastKnownFileType = sourcecode.swift; path = SearchRequest.swift; sourceTree = "<group>"; };
		2F12F3BE26BD709700F92152 /* SearchResponse.swift */ = {isa = PBXFileReference; lastKnownFileType = sourcecode.swift; path = SearchResponse.swift; sourceTree = "<group>"; };
		2F12F3C026BD70C700F92152 /* SearchResponsePaging.swift */ = {isa = PBXFileReference; lastKnownFileType = sourcecode.swift; path = SearchResponsePaging.swift; sourceTree = "<group>"; };
		2F12F3C226BD70EB00F92152 /* SearchResponseResult.swift */ = {isa = PBXFileReference; lastKnownFileType = sourcecode.swift; path = SearchResponseResult.swift; sourceTree = "<group>"; };
		2F12F3C426BD930800F92152 /* ViewModellable.swift */ = {isa = PBXFileReference; lastKnownFileType = sourcecode.swift; path = ViewModellable.swift; sourceTree = "<group>"; };
		2F12F3C626BD933400F92152 /* SearchMainViewModel.swift */ = {isa = PBXFileReference; lastKnownFileType = sourcecode.swift; path = SearchMainViewModel.swift; sourceTree = "<group>"; };
		2F12F3CE26BDBC9300F92152 /* SuggestionTableViewCell.swift */ = {isa = PBXFileReference; lastKnownFileType = sourcecode.swift; path = SuggestionTableViewCell.swift; sourceTree = "<group>"; };
		2F12F3D126BDD48500F92152 /* SearchResultDisplayModel.swift */ = {isa = PBXFileReference; lastKnownFileType = sourcecode.swift; path = SearchResultDisplayModel.swift; sourceTree = "<group>"; };
		2F12F3D426BDDBFA00F92152 /* SearchResultTableViewCell.swift */ = {isa = PBXFileReference; lastKnownFileType = sourcecode.swift; path = SearchResultTableViewCell.swift; sourceTree = "<group>"; };
		2F50B12426BCBD64004709E3 /* MeliChallenge.app */ = {isa = PBXFileReference; explicitFileType = wrapper.application; includeInIndex = 0; path = MeliChallenge.app; sourceTree = BUILT_PRODUCTS_DIR; };
		2F50B12726BCBD64004709E3 /* AppDelegate.swift */ = {isa = PBXFileReference; lastKnownFileType = sourcecode.swift; path = AppDelegate.swift; sourceTree = "<group>"; };
		2F50B12926BCBD64004709E3 /* SceneDelegate.swift */ = {isa = PBXFileReference; lastKnownFileType = sourcecode.swift; path = SceneDelegate.swift; sourceTree = "<group>"; };
		2F50B13026BCBD66004709E3 /* Assets.xcassets */ = {isa = PBXFileReference; lastKnownFileType = folder.assetcatalog; path = Assets.xcassets; sourceTree = "<group>"; };
		2F50B13326BCBD66004709E3 /* Base */ = {isa = PBXFileReference; lastKnownFileType = file.storyboard; name = Base; path = Base.lproj/LaunchScreen.storyboard; sourceTree = "<group>"; };
		2F50B13526BCBD66004709E3 /* Info.plist */ = {isa = PBXFileReference; lastKnownFileType = text.plist.xml; path = Info.plist; sourceTree = "<group>"; };
		2F50B13A26BCBD66004709E3 /* MeliChallengeTests.xctest */ = {isa = PBXFileReference; explicitFileType = wrapper.cfbundle; includeInIndex = 0; path = MeliChallengeTests.xctest; sourceTree = BUILT_PRODUCTS_DIR; };
		2F50B13E26BCBD66004709E3 /* MeliChallengeTests.swift */ = {isa = PBXFileReference; lastKnownFileType = sourcecode.swift; path = MeliChallengeTests.swift; sourceTree = "<group>"; };
		2F50B14026BCBD66004709E3 /* Info.plist */ = {isa = PBXFileReference; lastKnownFileType = text.plist.xml; path = Info.plist; sourceTree = "<group>"; };
		2F50B16426BCC2EA004709E3 /* ServiceManager.swift */ = {isa = PBXFileReference; lastKnownFileType = sourcecode.swift; path = ServiceManager.swift; sourceTree = "<group>"; };
		2F50B16826BCC58D004709E3 /* ItemManager.swift */ = {isa = PBXFileReference; lastKnownFileType = sourcecode.swift; path = ItemManager.swift; sourceTree = "<group>"; };
		2F50B16B26BCC6A6004709E3 /* AutoSuggestEndpoint.swift */ = {isa = PBXFileReference; lastKnownFileType = sourcecode.swift; path = AutoSuggestEndpoint.swift; sourceTree = "<group>"; };
		2F50B16F26BCCBF8004709E3 /* SearchMainViewController.swift */ = {isa = PBXFileReference; lastKnownFileType = sourcecode.swift; path = SearchMainViewController.swift; sourceTree = "<group>"; };
		2FADDB4D26BF1AF900EFE9A3 /* TableFooterView.swift */ = {isa = PBXFileReference; lastKnownFileType = sourcecode.swift; path = TableFooterView.swift; sourceTree = "<group>"; };
/* End PBXFileReference section */

/* Begin PBXFrameworksBuildPhase section */
		2F50B12126BCBD64004709E3 /* Frameworks */ = {
			isa = PBXFrameworksBuildPhase;
			buildActionMask = 2147483647;
			files = (
				2F12F3D826BDDCC400F92152 /* SDWebImage in Frameworks */,
				2F50B15A26BCC09B004709E3 /* TitanHttp in Frameworks */,
			);
			runOnlyForDeploymentPostprocessing = 0;
		};
		2F50B13726BCBD66004709E3 /* Frameworks */ = {
			isa = PBXFrameworksBuildPhase;
			buildActionMask = 2147483647;
			files = (
				2F50B15D26BCC0DE004709E3 /* Quick in Frameworks */,
				2F50B16026BCC10E004709E3 /* Nimble in Frameworks */,
			);
			runOnlyForDeploymentPostprocessing = 0;
		};
/* End PBXFrameworksBuildPhase section */

/* Begin PBXGroup section */
		2F12F3B426BD6F3100F92152 /* AutoSuggestEndpoint */ = {
			isa = PBXGroup;
			children = (
				2F12F3B726BD6F7300F92152 /* Entities */,
				2F50B16B26BCC6A6004709E3 /* AutoSuggestEndpoint.swift */,
			);
			path = AutoSuggestEndpoint;
			sourceTree = "<group>";
		};
		2F12F3B726BD6F7300F92152 /* Entities */ = {
			isa = PBXGroup;
			children = (
				2F12F3B526BD6F4700F92152 /* AutoSuggestRequest.swift */,
				2F12F3B826BD6F9D00F92152 /* AutoSuggestResponse.swift */,
			);
			path = Entities;
			sourceTree = "<group>";
		};
		2F12F3BA26BD6FE200F92152 /* SearchEndpoint */ = {
			isa = PBXGroup;
			children = (
				2F12F3BB26BD6FF000F92152 /* Entities */,
				2F12F3B226BD68E300F92152 /* SearchEndpoint.swift */,
			);
			path = SearchEndpoint;
			sourceTree = "<group>";
		};
		2F12F3BB26BD6FF000F92152 /* Entities */ = {
			isa = PBXGroup;
			children = (
				2F12F3BC26BD707400F92152 /* SearchRequest.swift */,
				2F12F3BE26BD709700F92152 /* SearchResponse.swift */,
				2F12F3C026BD70C700F92152 /* SearchResponsePaging.swift */,
				2F12F3C226BD70EB00F92152 /* SearchResponseResult.swift */,
			);
			path = Entities;
			sourceTree = "<group>";
		};
		2F12F3CB26BDBC4800F92152 /* Views */ = {
			isa = PBXGroup;
			children = (
				2FADDB4B26BF1ACE00EFE9A3 /* UIViews */,
				2F12F3CC26BDBC5300F92152 /* UITableViewCells */,
			);
			path = Views;
			sourceTree = "<group>";
		};
		2F12F3CC26BDBC5300F92152 /* UITableViewCells */ = {
			isa = PBXGroup;
			children = (
				2F12F3D326BDDBDC00F92152 /* SearchResultTableViewCell */,
				2F12F3CD26BDBC6B00F92152 /* SuggestionTableViewCell */,
			);
			path = UITableViewCells;
			sourceTree = "<group>";
		};
		2F12F3CD26BDBC6B00F92152 /* SuggestionTableViewCell */ = {
			isa = PBXGroup;
			children = (
				2F12F3CE26BDBC9300F92152 /* SuggestionTableViewCell.swift */,
			);
			path = SuggestionTableViewCell;
			sourceTree = "<group>";
		};
		2F12F3D026BDD2B700F92152 /* Entities */ = {
			isa = PBXGroup;
			children = (
				2F12F3D126BDD48500F92152 /* SearchResultDisplayModel.swift */,
			);
			path = Entities;
			sourceTree = "<group>";
		};
		2F12F3D326BDDBDC00F92152 /* SearchResultTableViewCell */ = {
			isa = PBXGroup;
			children = (
				2F12F3D426BDDBFA00F92152 /* SearchResultTableViewCell.swift */,
			);
			path = SearchResultTableViewCell;
			sourceTree = "<group>";
		};
		2F50B11B26BCBD64004709E3 = {
			isa = PBXGroup;
			children = (
				2F50B12626BCBD64004709E3 /* MeliChallenge */,
				2F50B13D26BCBD66004709E3 /* MeliChallengeTests */,
				2F50B12526BCBD64004709E3 /* Products */,
			);
			sourceTree = "<group>";
		};
		2F50B12526BCBD64004709E3 /* Products */ = {
			isa = PBXGroup;
			children = (
				2F50B12426BCBD64004709E3 /* MeliChallenge.app */,
				2F50B13A26BCBD66004709E3 /* MeliChallengeTests.xctest */,
			);
			name = Products;
			sourceTree = "<group>";
		};
		2F50B12626BCBD64004709E3 /* MeliChallenge */ = {
			isa = PBXGroup;
			children = (
				2F50B15726BCBDAC004709E3 /* AppInit */,
				2F50B13026BCBD66004709E3 /* Assets.xcassets */,
				2F50B16126BCC292004709E3 /* Controllers */,
				2F50B13526BCBD66004709E3 /* Info.plist */,
				2F50B13226BCBD66004709E3 /* LaunchScreen.storyboard */,
				2F50B16326BCC2BA004709E3 /* Managers */,
				2F12F3CB26BDBC4800F92152 /* Views */,
			);
			path = MeliChallenge;
			sourceTree = "<group>";
		};
		2F50B13D26BCBD66004709E3 /* MeliChallengeTests */ = {
			isa = PBXGroup;
			children = (
				2F50B13E26BCBD66004709E3 /* MeliChallengeTests.swift */,
				2F50B14026BCBD66004709E3 /* Info.plist */,
			);
			path = MeliChallengeTests;
			sourceTree = "<group>";
		};
		2F50B15726BCBDAC004709E3 /* AppInit */ = {
			isa = PBXGroup;
			children = (
				2F50B12726BCBD64004709E3 /* AppDelegate.swift */,
				2F50B12926BCBD64004709E3 /* SceneDelegate.swift */,
			);
			path = AppInit;
			sourceTree = "<group>";
		};
		2F50B16126BCC292004709E3 /* Controllers */ = {
			isa = PBXGroup;
			children = (
				2F50B16226BCC2A8004709E3 /* SearchMainViewController */,
				2F12F3C426BD930800F92152 /* ViewModellable.swift */,
			);
			path = Controllers;
			sourceTree = "<group>";
		};
		2F50B16226BCC2A8004709E3 /* SearchMainViewController */ = {
			isa = PBXGroup;
			children = (
				2F12F3D026BDD2B700F92152 /* Entities */,
				2F50B16F26BCCBF8004709E3 /* SearchMainViewController.swift */,
				2F12F3C626BD933400F92152 /* SearchMainViewModel.swift */,
			);
			path = SearchMainViewController;
			sourceTree = "<group>";
		};
		2F50B16326BCC2BA004709E3 /* Managers */ = {
			isa = PBXGroup;
			children = (
				2F50B16726BCC57E004709E3 /* ItemManager */,
				2F50B16626BCC3EE004709E3 /* ServiceManager */,
			);
			path = Managers;
			sourceTree = "<group>";
		};
		2F50B16626BCC3EE004709E3 /* ServiceManager */ = {
			isa = PBXGroup;
			children = (
				2F50B16A26BCC68A004709E3 /* Endpoints */,
				2F50B16426BCC2EA004709E3 /* ServiceManager.swift */,
			);
			path = ServiceManager;
			sourceTree = "<group>";
		};
		2F50B16726BCC57E004709E3 /* ItemManager */ = {
			isa = PBXGroup;
			children = (
				2F50B16826BCC58D004709E3 /* ItemManager.swift */,
			);
			path = ItemManager;
			sourceTree = "<group>";
		};
		2F50B16A26BCC68A004709E3 /* Endpoints */ = {
			isa = PBXGroup;
			children = (
				2F12F3B426BD6F3100F92152 /* AutoSuggestEndpoint */,
				2F12F3BA26BD6FE200F92152 /* SearchEndpoint */,
			);
			path = Endpoints;
			sourceTree = "<group>";
		};
		2FADDB4B26BF1ACE00EFE9A3 /* UIViews */ = {
			isa = PBXGroup;
			children = (
				2FADDB4C26BF1AD900EFE9A3 /* TableFooterView */,
			);
			path = UIViews;
			sourceTree = "<group>";
		};
		2FADDB4C26BF1AD900EFE9A3 /* TableFooterView */ = {
			isa = PBXGroup;
			children = (
				2FADDB4D26BF1AF900EFE9A3 /* TableFooterView.swift */,
			);
			path = TableFooterView;
			sourceTree = "<group>";
		};
/* End PBXGroup section */

/* Begin PBXNativeTarget section */
		2F50B12326BCBD64004709E3 /* MeliChallenge */ = {
			isa = PBXNativeTarget;
			buildConfigurationList = 2F50B14E26BCBD66004709E3 /* Build configuration list for PBXNativeTarget "MeliChallenge" */;
			buildPhases = (
				2F50B12026BCBD64004709E3 /* Sources */,
				2F50B12126BCBD64004709E3 /* Frameworks */,
				2F50B12226BCBD64004709E3 /* Resources */,
			);
			buildRules = (
			);
			dependencies = (
			);
			name = MeliChallenge;
			packageProductDependencies = (
				2F50B15926BCC09B004709E3 /* TitanHttp */,
				2F12F3D726BDDCC400F92152 /* SDWebImage */,
			);
			productName = MeliChallenge;
			productReference = 2F50B12426BCBD64004709E3 /* MeliChallenge.app */;
			productType = "com.apple.product-type.application";
		};
		2F50B13926BCBD66004709E3 /* MeliChallengeTests */ = {
			isa = PBXNativeTarget;
			buildConfigurationList = 2F50B15126BCBD66004709E3 /* Build configuration list for PBXNativeTarget "MeliChallengeTests" */;
			buildPhases = (
				2F50B13626BCBD66004709E3 /* Sources */,
				2F50B13726BCBD66004709E3 /* Frameworks */,
				2F50B13826BCBD66004709E3 /* Resources */,
			);
			buildRules = (
			);
			dependencies = (
				2F50B13C26BCBD66004709E3 /* PBXTargetDependency */,
			);
			name = MeliChallengeTests;
			packageProductDependencies = (
				2F50B15C26BCC0DE004709E3 /* Quick */,
				2F50B15F26BCC10E004709E3 /* Nimble */,
			);
			productName = MeliChallengeTests;
			productReference = 2F50B13A26BCBD66004709E3 /* MeliChallengeTests.xctest */;
			productType = "com.apple.product-type.bundle.unit-test";
		};
/* End PBXNativeTarget section */

/* Begin PBXProject section */
		2F50B11C26BCBD64004709E3 /* Project object */ = {
			isa = PBXProject;
			attributes = {
				LastSwiftUpdateCheck = 1250;
				LastUpgradeCheck = 1250;
				TargetAttributes = {
					2F50B12326BCBD64004709E3 = {
						CreatedOnToolsVersion = 12.5.1;
					};
					2F50B13926BCBD66004709E3 = {
						CreatedOnToolsVersion = 12.5.1;
						TestTargetID = 2F50B12326BCBD64004709E3;
					};
				};
			};
			buildConfigurationList = 2F50B11F26BCBD64004709E3 /* Build configuration list for PBXProject "MeliChallenge" */;
			compatibilityVersion = "Xcode 9.3";
			developmentRegion = en;
			hasScannedForEncodings = 0;
			knownRegions = (
				en,
				Base,
			);
			mainGroup = 2F50B11B26BCBD64004709E3;
			packageReferences = (
				2F50B15826BCC09B004709E3 /* XCRemoteSwiftPackageReference "TitanHttp" */,
				2F50B15B26BCC0DE004709E3 /* XCRemoteSwiftPackageReference "Quick" */,
				2F50B15E26BCC10E004709E3 /* XCRemoteSwiftPackageReference "Nimble" */,
				2F12F3D626BDDCC400F92152 /* XCRemoteSwiftPackageReference "SDWebImage" */,
			);
			productRefGroup = 2F50B12526BCBD64004709E3 /* Products */;
			projectDirPath = "";
			projectRoot = "";
			targets = (
				2F50B12326BCBD64004709E3 /* MeliChallenge */,
				2F50B13926BCBD66004709E3 /* MeliChallengeTests */,
			);
		};
/* End PBXProject section */

/* Begin PBXResourcesBuildPhase section */
		2F50B12226BCBD64004709E3 /* Resources */ = {
			isa = PBXResourcesBuildPhase;
			buildActionMask = 2147483647;
			files = (
				2F50B13426BCBD66004709E3 /* LaunchScreen.storyboard in Resources */,
				2F50B13126BCBD66004709E3 /* Assets.xcassets in Resources */,
			);
			runOnlyForDeploymentPostprocessing = 0;
		};
		2F50B13826BCBD66004709E3 /* Resources */ = {
			isa = PBXResourcesBuildPhase;
			buildActionMask = 2147483647;
			files = (
			);
			runOnlyForDeploymentPostprocessing = 0;
		};
/* End PBXResourcesBuildPhase section */

/* Begin PBXSourcesBuildPhase section */
		2F50B12026BCBD64004709E3 /* Sources */ = {
			isa = PBXSourcesBuildPhase;
			buildActionMask = 2147483647;
			files = (
				2FADDB4E26BF1AF900EFE9A3 /* TableFooterView.swift in Sources */,
				2F12F3C726BD933400F92152 /* SearchMainViewModel.swift in Sources */,
				2F12F3C326BD70EB00F92152 /* SearchResponseResult.swift in Sources */,
				2F12F3C126BD70C700F92152 /* SearchResponsePaging.swift in Sources */,
				2F12F3D226BDD48500F92152 /* SearchResultDisplayModel.swift in Sources */,
				2F12F3CF26BDBC9300F92152 /* SuggestionTableViewCell.swift in Sources */,
				2F50B16C26BCC6A6004709E3 /* AutoSuggestEndpoint.swift in Sources */,
				2F50B12826BCBD64004709E3 /* AppDelegate.swift in Sources */,
				2F50B12A26BCBD64004709E3 /* SceneDelegate.swift in Sources */,
				2F12F3D526BDDBFA00F92152 /* SearchResultTableViewCell.swift in Sources */,
				2F12F3BD26BD707400F92152 /* SearchRequest.swift in Sources */,
				2F50B16926BCC58D004709E3 /* ItemManager.swift in Sources */,
				2F12F3B926BD6F9D00F92152 /* AutoSuggestResponse.swift in Sources */,
				2F12F3BF26BD709700F92152 /* SearchResponse.swift in Sources */,
				2F12F3B326BD68E300F92152 /* SearchEndpoint.swift in Sources */,
				2F50B16526BCC2EA004709E3 /* ServiceManager.swift in Sources */,
				2F12F3C526BD930800F92152 /* ViewModellable.swift in Sources */,
				2F50B17026BCCBF8004709E3 /* SearchMainViewController.swift in Sources */,
				2F12F3B626BD6F4700F92152 /* AutoSuggestRequest.swift in Sources */,
			);
			runOnlyForDeploymentPostprocessing = 0;
		};
		2F50B13626BCBD66004709E3 /* Sources */ = {
			isa = PBXSourcesBuildPhase;
			buildActionMask = 2147483647;
			files = (
				2F50B13F26BCBD66004709E3 /* MeliChallengeTests.swift in Sources */,
			);
			runOnlyForDeploymentPostprocessing = 0;
		};
/* End PBXSourcesBuildPhase section */

/* Begin PBXTargetDependency section */
		2F50B13C26BCBD66004709E3 /* PBXTargetDependency */ = {
			isa = PBXTargetDependency;
			target = 2F50B12326BCBD64004709E3 /* MeliChallenge */;
			targetProxy = 2F50B13B26BCBD66004709E3 /* PBXContainerItemProxy */;
		};
/* End PBXTargetDependency section */

/* Begin PBXVariantGroup section */
		2F50B13226BCBD66004709E3 /* LaunchScreen.storyboard */ = {
			isa = PBXVariantGroup;
			children = (
				2F50B13326BCBD66004709E3 /* Base */,
			);
			name = LaunchScreen.storyboard;
			sourceTree = "<group>";
		};
/* End PBXVariantGroup section */

/* Begin XCBuildConfiguration section */
		2F50B14C26BCBD66004709E3 /* Debug */ = {
			isa = XCBuildConfiguration;
			buildSettings = {
				ALWAYS_SEARCH_USER_PATHS = NO;
				CLANG_ANALYZER_NONNULL = YES;
				CLANG_ANALYZER_NUMBER_OBJECT_CONVERSION = YES_AGGRESSIVE;
				CLANG_CXX_LANGUAGE_STANDARD = "gnu++14";
				CLANG_CXX_LIBRARY = "libc++";
				CLANG_ENABLE_MODULES = YES;
				CLANG_ENABLE_OBJC_ARC = YES;
				CLANG_ENABLE_OBJC_WEAK = YES;
				CLANG_WARN_BLOCK_CAPTURE_AUTORELEASING = YES;
				CLANG_WARN_BOOL_CONVERSION = YES;
				CLANG_WARN_COMMA = YES;
				CLANG_WARN_CONSTANT_CONVERSION = YES;
				CLANG_WARN_DEPRECATED_OBJC_IMPLEMENTATIONS = YES;
				CLANG_WARN_DIRECT_OBJC_ISA_USAGE = YES_ERROR;
				CLANG_WARN_DOCUMENTATION_COMMENTS = YES;
				CLANG_WARN_EMPTY_BODY = YES;
				CLANG_WARN_ENUM_CONVERSION = YES;
				CLANG_WARN_INFINITE_RECURSION = YES;
				CLANG_WARN_INT_CONVERSION = YES;
				CLANG_WARN_NON_LITERAL_NULL_CONVERSION = YES;
				CLANG_WARN_OBJC_IMPLICIT_RETAIN_SELF = YES;
				CLANG_WARN_OBJC_LITERAL_CONVERSION = YES;
				CLANG_WARN_OBJC_ROOT_CLASS = YES_ERROR;
				CLANG_WARN_QUOTED_INCLUDE_IN_FRAMEWORK_HEADER = YES;
				CLANG_WARN_RANGE_LOOP_ANALYSIS = YES;
				CLANG_WARN_STRICT_PROTOTYPES = YES;
				CLANG_WARN_SUSPICIOUS_MOVE = YES;
				CLANG_WARN_UNGUARDED_AVAILABILITY = YES_AGGRESSIVE;
				CLANG_WARN_UNREACHABLE_CODE = YES;
				CLANG_WARN__DUPLICATE_METHOD_MATCH = YES;
				COPY_PHASE_STRIP = NO;
				DEBUG_INFORMATION_FORMAT = dwarf;
				ENABLE_STRICT_OBJC_MSGSEND = YES;
				ENABLE_TESTABILITY = YES;
				GCC_C_LANGUAGE_STANDARD = gnu11;
				GCC_DYNAMIC_NO_PIC = NO;
				GCC_NO_COMMON_BLOCKS = YES;
				GCC_OPTIMIZATION_LEVEL = 0;
				GCC_PREPROCESSOR_DEFINITIONS = (
					"DEBUG=1",
					"$(inherited)",
				);
				GCC_WARN_64_TO_32_BIT_CONVERSION = YES;
				GCC_WARN_ABOUT_RETURN_TYPE = YES_ERROR;
				GCC_WARN_UNDECLARED_SELECTOR = YES;
				GCC_WARN_UNINITIALIZED_AUTOS = YES_AGGRESSIVE;
				GCC_WARN_UNUSED_FUNCTION = YES;
				GCC_WARN_UNUSED_VARIABLE = YES;
				IPHONEOS_DEPLOYMENT_TARGET = 14.5;
				MTL_ENABLE_DEBUG_INFO = INCLUDE_SOURCE;
				MTL_FAST_MATH = YES;
				ONLY_ACTIVE_ARCH = YES;
				SDKROOT = iphoneos;
				SWIFT_ACTIVE_COMPILATION_CONDITIONS = DEBUG;
				SWIFT_OPTIMIZATION_LEVEL = "-Onone";
			};
			name = Debug;
		};
		2F50B14D26BCBD66004709E3 /* Release */ = {
			isa = XCBuildConfiguration;
			buildSettings = {
				ALWAYS_SEARCH_USER_PATHS = NO;
				CLANG_ANALYZER_NONNULL = YES;
				CLANG_ANALYZER_NUMBER_OBJECT_CONVERSION = YES_AGGRESSIVE;
				CLANG_CXX_LANGUAGE_STANDARD = "gnu++14";
				CLANG_CXX_LIBRARY = "libc++";
				CLANG_ENABLE_MODULES = YES;
				CLANG_ENABLE_OBJC_ARC = YES;
				CLANG_ENABLE_OBJC_WEAK = YES;
				CLANG_WARN_BLOCK_CAPTURE_AUTORELEASING = YES;
				CLANG_WARN_BOOL_CONVERSION = YES;
				CLANG_WARN_COMMA = YES;
				CLANG_WARN_CONSTANT_CONVERSION = YES;
				CLANG_WARN_DEPRECATED_OBJC_IMPLEMENTATIONS = YES;
				CLANG_WARN_DIRECT_OBJC_ISA_USAGE = YES_ERROR;
				CLANG_WARN_DOCUMENTATION_COMMENTS = YES;
				CLANG_WARN_EMPTY_BODY = YES;
				CLANG_WARN_ENUM_CONVERSION = YES;
				CLANG_WARN_INFINITE_RECURSION = YES;
				CLANG_WARN_INT_CONVERSION = YES;
				CLANG_WARN_NON_LITERAL_NULL_CONVERSION = YES;
				CLANG_WARN_OBJC_IMPLICIT_RETAIN_SELF = YES;
				CLANG_WARN_OBJC_LITERAL_CONVERSION = YES;
				CLANG_WARN_OBJC_ROOT_CLASS = YES_ERROR;
				CLANG_WARN_QUOTED_INCLUDE_IN_FRAMEWORK_HEADER = YES;
				CLANG_WARN_RANGE_LOOP_ANALYSIS = YES;
				CLANG_WARN_STRICT_PROTOTYPES = YES;
				CLANG_WARN_SUSPICIOUS_MOVE = YES;
				CLANG_WARN_UNGUARDED_AVAILABILITY = YES_AGGRESSIVE;
				CLANG_WARN_UNREACHABLE_CODE = YES;
				CLANG_WARN__DUPLICATE_METHOD_MATCH = YES;
				COPY_PHASE_STRIP = NO;
				DEBUG_INFORMATION_FORMAT = "dwarf-with-dsym";
				ENABLE_NS_ASSERTIONS = NO;
				ENABLE_STRICT_OBJC_MSGSEND = YES;
				GCC_C_LANGUAGE_STANDARD = gnu11;
				GCC_NO_COMMON_BLOCKS = YES;
				GCC_WARN_64_TO_32_BIT_CONVERSION = YES;
				GCC_WARN_ABOUT_RETURN_TYPE = YES_ERROR;
				GCC_WARN_UNDECLARED_SELECTOR = YES;
				GCC_WARN_UNINITIALIZED_AUTOS = YES_AGGRESSIVE;
				GCC_WARN_UNUSED_FUNCTION = YES;
				GCC_WARN_UNUSED_VARIABLE = YES;
				IPHONEOS_DEPLOYMENT_TARGET = 14.5;
				MTL_ENABLE_DEBUG_INFO = NO;
				MTL_FAST_MATH = YES;
				SDKROOT = iphoneos;
				SWIFT_COMPILATION_MODE = wholemodule;
				SWIFT_OPTIMIZATION_LEVEL = "-O";
				VALIDATE_PRODUCT = YES;
			};
			name = Release;
		};
		2F50B14F26BCBD66004709E3 /* Debug */ = {
			isa = XCBuildConfiguration;
			buildSettings = {
				ASSETCATALOG_COMPILER_APPICON_NAME = AppIcon;
				ASSETCATALOG_COMPILER_GLOBAL_ACCENT_COLOR_NAME = AccentColor;
				CODE_SIGN_STYLE = Automatic;
				INFOPLIST_FILE = MeliChallenge/Info.plist;
				LD_RUNPATH_SEARCH_PATHS = (
					"$(inherited)",
					"@executable_path/Frameworks",
				);
				PRODUCT_BUNDLE_IDENTIFIER = com.psga.MeliChallenge;
				PRODUCT_NAME = "$(TARGET_NAME)";
				SWIFT_VERSION = 5.0;
				TARGETED_DEVICE_FAMILY = "1,2";
			};
			name = Debug;
		};
		2F50B15026BCBD66004709E3 /* Release */ = {
			isa = XCBuildConfiguration;
			buildSettings = {
				ASSETCATALOG_COMPILER_APPICON_NAME = AppIcon;
				ASSETCATALOG_COMPILER_GLOBAL_ACCENT_COLOR_NAME = AccentColor;
				CODE_SIGN_STYLE = Automatic;
				INFOPLIST_FILE = MeliChallenge/Info.plist;
				LD_RUNPATH_SEARCH_PATHS = (
					"$(inherited)",
					"@executable_path/Frameworks",
				);
				PRODUCT_BUNDLE_IDENTIFIER = com.psga.MeliChallenge;
				PRODUCT_NAME = "$(TARGET_NAME)";
				SWIFT_VERSION = 5.0;
				TARGETED_DEVICE_FAMILY = "1,2";
			};
			name = Release;
		};
		2F50B15226BCBD66004709E3 /* Debug */ = {
			isa = XCBuildConfiguration;
			buildSettings = {
				ALWAYS_EMBED_SWIFT_STANDARD_LIBRARIES = YES;
				BUNDLE_LOADER = "$(TEST_HOST)";
				CODE_SIGN_STYLE = Automatic;
				INFOPLIST_FILE = MeliChallengeTests/Info.plist;
				IPHONEOS_DEPLOYMENT_TARGET = 14.5;
				LD_RUNPATH_SEARCH_PATHS = (
					"$(inherited)",
					"@executable_path/Frameworks",
					"@loader_path/Frameworks",
				);
				PRODUCT_BUNDLE_IDENTIFIER = com.psga.MeliChallengeTests;
				PRODUCT_NAME = "$(TARGET_NAME)";
				SWIFT_VERSION = 5.0;
				TARGETED_DEVICE_FAMILY = "1,2";
				TEST_HOST = "$(BUILT_PRODUCTS_DIR)/MeliChallenge.app/MeliChallenge";
			};
			name = Debug;
		};
		2F50B15326BCBD66004709E3 /* Release */ = {
			isa = XCBuildConfiguration;
			buildSettings = {
				ALWAYS_EMBED_SWIFT_STANDARD_LIBRARIES = YES;
				BUNDLE_LOADER = "$(TEST_HOST)";
				CODE_SIGN_STYLE = Automatic;
				INFOPLIST_FILE = MeliChallengeTests/Info.plist;
				IPHONEOS_DEPLOYMENT_TARGET = 14.5;
				LD_RUNPATH_SEARCH_PATHS = (
					"$(inherited)",
					"@executable_path/Frameworks",
					"@loader_path/Frameworks",
				);
				PRODUCT_BUNDLE_IDENTIFIER = com.psga.MeliChallengeTests;
				PRODUCT_NAME = "$(TARGET_NAME)";
				SWIFT_VERSION = 5.0;
				TARGETED_DEVICE_FAMILY = "1,2";
				TEST_HOST = "$(BUILT_PRODUCTS_DIR)/MeliChallenge.app/MeliChallenge";
			};
			name = Release;
		};
/* End XCBuildConfiguration section */

/* Begin XCConfigurationList section */
		2F50B11F26BCBD64004709E3 /* Build configuration list for PBXProject "MeliChallenge" */ = {
			isa = XCConfigurationList;
			buildConfigurations = (
				2F50B14C26BCBD66004709E3 /* Debug */,
				2F50B14D26BCBD66004709E3 /* Release */,
			);
			defaultConfigurationIsVisible = 0;
			defaultConfigurationName = Release;
		};
		2F50B14E26BCBD66004709E3 /* Build configuration list for PBXNativeTarget "MeliChallenge" */ = {
			isa = XCConfigurationList;
			buildConfigurations = (
				2F50B14F26BCBD66004709E3 /* Debug */,
				2F50B15026BCBD66004709E3 /* Release */,
			);
			defaultConfigurationIsVisible = 0;
			defaultConfigurationName = Release;
		};
		2F50B15126BCBD66004709E3 /* Build configuration list for PBXNativeTarget "MeliChallengeTests" */ = {
			isa = XCConfigurationList;
			buildConfigurations = (
				2F50B15226BCBD66004709E3 /* Debug */,
				2F50B15326BCBD66004709E3 /* Release */,
			);
			defaultConfigurationIsVisible = 0;
			defaultConfigurationName = Release;
		};
/* End XCConfigurationList section */

/* Begin XCRemoteSwiftPackageReference section */
		2F12F3D626BDDCC400F92152 /* XCRemoteSwiftPackageReference "SDWebImage" */ = {
			isa = XCRemoteSwiftPackageReference;
			repositoryURL = "https://github.com/SDWebImage/SDWebImage.git";
			requirement = {
				kind = upToNextMajorVersion;
				minimumVersion = 5.11.1;
			};
		};
		2F50B15826BCC09B004709E3 /* XCRemoteSwiftPackageReference "TitanHttp" */ = {
			isa = XCRemoteSwiftPackageReference;
			repositoryURL = "https://github.com/sebastiandevuy/TitanHttp.git";
			requirement = {
				kind = upToNextMajorVersion;
				minimumVersion = 0.0.7;
			};
		};
		2F50B15B26BCC0DE004709E3 /* XCRemoteSwiftPackageReference "Quick" */ = {
			isa = XCRemoteSwiftPackageReference;
			repositoryURL = "https://github.com/Quick/Quick.git";
			requirement = {
				kind = upToNextMajorVersion;
				minimumVersion = 4.0.0;
			};
		};
		2F50B15E26BCC10E004709E3 /* XCRemoteSwiftPackageReference "Nimble" */ = {
			isa = XCRemoteSwiftPackageReference;
			repositoryURL = "https://github.com/Quick/Nimble.git";
			requirement = {
				kind = upToNextMajorVersion;
				minimumVersion = 9.2.0;
			};
		};
/* End XCRemoteSwiftPackageReference section */

/* Begin XCSwiftPackageProductDependency section */
		2F12F3D726BDDCC400F92152 /* SDWebImage */ = {
			isa = XCSwiftPackageProductDependency;
			package = 2F12F3D626BDDCC400F92152 /* XCRemoteSwiftPackageReference "SDWebImage" */;
			productName = SDWebImage;
		};
		2F50B15926BCC09B004709E3 /* TitanHttp */ = {
			isa = XCSwiftPackageProductDependency;
			package = 2F50B15826BCC09B004709E3 /* XCRemoteSwiftPackageReference "TitanHttp" */;
			productName = TitanHttp;
		};
		2F50B15C26BCC0DE004709E3 /* Quick */ = {
			isa = XCSwiftPackageProductDependency;
			package = 2F50B15B26BCC0DE004709E3 /* XCRemoteSwiftPackageReference "Quick" */;
			productName = Quick;
		};
		2F50B15F26BCC10E004709E3 /* Nimble */ = {
			isa = XCSwiftPackageProductDependency;
			package = 2F50B15E26BCC10E004709E3 /* XCRemoteSwiftPackageReference "Nimble" */;
			productName = Nimble;
		};
/* End XCSwiftPackageProductDependency section */
	};
	rootObject = 2F50B11C26BCBD64004709E3 /* Project object */;
}
